
Microsoft Visual Studio Solution File, Format Version 12.00
# Visual Studio 15
VisualStudioVersion = 15.0.27004.2009
MinimumVisualStudioVersion = 10.0.40219.1
Project("{FAE04EC0-301F-11D3-BF4B-00C04F79EFBC}") = "Library.Web", "Library.Web\Library.Web.csproj", "{F9978EDE-1BD7-42E9-93AF-D840187592EA}"
EndProject
Project("{FAE04EC0-301F-11D3-BF4B-00C04F79EFBC}") = "Library.Data", "Library.Data\Library.Data.csproj", "{B2759139-3D0C-424F-9414-6ED1C1B5143C}"
EndProject
Project("{FAE04EC0-301F-11D3-BF4B-00C04F79EFBC}") = "Library.Service", "Library.Service\Library.Service.csproj", "{48FEBC3C-D031-48C5-BFB8-7B85C014676F}"
EndProject
Project("{FAE04EC0-301F-11D3-BF4B-00C04F79EFBC}") = "Library.Common", "Library.Common\Library.Common.csproj", "{5E0A33D4-B615-4E91-8909-CA5C4A4C5626}"
EndProject
Global
	GlobalSection(SolutionConfigurationPlatforms) = preSolution
		Debug|Any CPU = Debug|Any CPU
		Release|Any CPU = Release|Any CPU
	EndGlobalSection
	GlobalSection(ProjectConfigurationPlatforms) = postSolution
		{F9978EDE-1BD7-42E9-93AF-D840187592EA}.Debug|Any CPU.ActiveCfg = Debug|Any CPU
		{F9978EDE-1BD7-42E9-93AF-D840187592EA}.Debug|Any CPU.Build.0 = Debug|Any CPU
		{F9978EDE-1BD7-42E9-93AF-D840187592EA}.Release|Any CPU.ActiveCfg = Release|Any CPU
		{F9978EDE-1BD7-42E9-93AF-D840187592EA}.Release|Any CPU.Build.0 = Release|Any CPU
		{B2759139-3D0C-424F-9414-6ED1C1B5143C}.Debug|Any CPU.ActiveCfg = Debug|Any CPU
		{B2759139-3D0C-424F-9414-6ED1C1B5143C}.Debug|Any CPU.Build.0 = Debug|Any CPU
		{B2759139-3D0C-424F-9414-6ED1C1B5143C}.Release|Any CPU.ActiveCfg = Release|Any CPU
		{B2759139-3D0C-424F-9414-6ED1C1B5143C}.Release|Any CPU.Build.0 = Release|Any CPU
		{48FEBC3C-D031-48C5-BFB8-7B85C014676F}.Debug|Any CPU.ActiveCfg = Debug|Any CPU
		{48FEBC3C-D031-48C5-BFB8-7B85C014676F}.Debug|Any CPU.Build.0 = Debug|Any CPU
		{48FEBC3C-D031-48C5-BFB8-7B85C014676F}.Release|Any CPU.ActiveCfg = Release|Any CPU
		{48FEBC3C-D031-48C5-BFB8-7B85C014676F}.Release|Any CPU.Build.0 = Release|Any CPU
		{5E0A33D4-B615-4E91-8909-CA5C4A4C5626}.Debug|Any CPU.ActiveCfg = Debug|Any CPU
		{5E0A33D4-B615-4E91-8909-CA5C4A4C5626}.Debug|Any CPU.Build.0 = Debug|Any CPU
		{5E0A33D4-B615-4E91-8909-CA5C4A4C5626}.Release|Any CPU.ActiveCfg = Release|Any CPU
		{5E0A33D4-B615-4E91-8909-CA5C4A4C5626}.Release|Any CPU.Build.0 = Release|Any CPU
	EndGlobalSection
	GlobalSection(SolutionProperties) = preSolution
		HideSolutionNode = FALSE
	EndGlobalSection
	GlobalSection(ExtensibilityGlobals) = postSolution
		SolutionGuid = {6BD2EE61-E603-4168-BF49-61199729977B}
	EndGlobalSection
EndGlobal
